{
  "name": "node-red-lora-sim",
  "version": "1.2.2",
  "lockfileVersion": 2,
  "requires": true,
  "packages": {
    "": {
      "name": "node-red-lora-sim",
      "version": "1.2.2",
      "license": "MIT",
      "dependencies": {
        "lora-packet": "^0.8.11",
        "packet-forwarder": "^1.0.8",
        "packet-forwarder-json-builder": "^2.0.8"
      }
    },
    "node_modules/aes-cmac": {
      "version": "1.0.3",
      "resolved": "https://registry.npmjs.org/aes-cmac/-/aes-cmac-1.0.3.tgz",
      "integrity": "sha512-D201msdnHbQlkw91uqjD5h0LtX//R2fRAh/f2tOs1C96J7QuIRn4b7aeN1mKZsO5No4H+MarABanapDdvCYayg=="
    },
    "node_modules/crypto-js": {
      "version": "4.1.1",
      "resolved": "https://registry.npmjs.org/crypto-js/-/crypto-js-4.1.1.tgz",
      "integrity": "sha512-o2JlM7ydqd3Qk9CA0L4NL6mTzU2sdx96a+oOfPu8Mkl/PK51vSyoi8/rQ8NknZtk44vq15lmhAj9CIAGwgeWKw=="
    },
    "node_modules/debug": {
      "version": "4.1.0",
      "resolved": "https://registry.npmjs.org/debug/-/debug-4.1.0.tgz",
      "integrity": "sha512-heNPJUJIqC+xB6ayLAMHaIrmN9HKa7aQO8MGqKpvCA+uJYVcvR6l5kgdrhRuwPFHU7P5/A1w0BjByPHwpfTDKg==",
      "deprecated": "Debug versions >=3.2.0 <3.2.7 || >=4 <4.3.1 have a low-severity ReDos regression when used in a Node.js environment. It is recommended you upgrade to 3.2.7 or 4.3.1. (https://github.com/visionmedia/debug/issues/797)",
      "dependencies": {
        "ms": "^2.1.1"
      }
    },
    "node_modules/lora-packet": {
      "version": "0.8.15",
      "resolved": "https://registry.npmjs.org/lora-packet/-/lora-packet-0.8.15.tgz",
      "integrity": "sha512-KIkSmhZRHD1AKAbAHlQ8grCyVUXbmwln2lILcoQKhycDf/sQBcjNOT/h0I5kkOstDwu2pCo9fd5oc9kTi3bUZg==",
      "dependencies": {
        "aes-cmac": "1.0.3",
        "crypto-js": "4.1.1"
      },
      "bin": {
        "lora-packet-decode": "out/cli.js"
      },
      "engines": {
        "node": ">=10.0.0"
      }
    },
    "node_modules/ms": {
      "version": "2.1.3",
      "resolved": "https://registry.npmjs.org/ms/-/ms-2.1.3.tgz",
      "integrity": "sha512-6FlzubTLZG3J2a/NVCAleEhjzq5oxgHyaCU9yYXvcLsvoVaHJq/s5xXI6/XXP6tz7R9xAOtHnSO/tXtF3WRTlA=="
    },
    "node_modules/packet-forwarder": {
      "version": "1.0.8",
      "resolved": "https://registry.npmjs.org/packet-forwarder/-/packet-forwarder-1.0.8.tgz",
      "integrity": "sha512-/MzIGGh76EYtChvQeftztdV9R3NrSyyAd6yXFazTI3511I+KWe+kN7BQYJx9cZ/ZBLJcW/pQ2wpB8w4eUGrxuQ==",
      "dependencies": {
        "debug": "4.1.0"
      },
      "engines": {
        "node": ">=8.9.4"
      }
    },
    "node_modules/packet-forwarder-json-builder": {
      "version": "2.0.13",
      "resolved": "https://registry.npmjs.org/packet-forwarder-json-builder/-/packet-forwarder-json-builder-2.0.13.tgz",
      "integrity": "sha512-IppQfnLlCo0S7ArBDF5GDiez3QRVd5Y1AUh50SVcvrpz645hNB6iM8Yaah91TIu7r6MFh+obh9iQAYaJ7qB20A==",
      "dependencies": {
        "lora-packet": "0.8.14"
      },
      "engines": {
        "node": ">=14.18.3"
      }
    },
    "node_modules/packet-forwarder-json-builder/node_modules/lora-packet": {
      "version": "0.8.14",
      "resolved": "https://registry.npmjs.org/lora-packet/-/lora-packet-0.8.14.tgz",
      "integrity": "sha512-gmcaeDkoSx7fqi4f5WSenzFfkWD/nNxFTfeZ1GGIqd2/DFkDhjHygm7Dumf86SNspPYGATTYolaIvRwugZbNug==",
      "dependencies": {
        "aes-cmac": "1.0.3",
        "crypto-js": "4.1.1"
      },
      "bin": {
        "lora-packet-decode": "out/cli.js"
      },
      "engines": {
        "node": ">=10.0.0"
      }
    }
  },
  "dependencies": {
    "aes-cmac": {
      "version": "1.0.3",
      "resolved": "https://registry.npmjs.org/aes-cmac/-/aes-cmac-1.0.3.tgz",
      "integrity": "sha512-D201msdnHbQlkw91uqjD5h0LtX//R2fRAh/f2tOs1C96J7QuIRn4b7aeN1mKZsO5No4H+MarABanapDdvCYayg=="
    },
    "crypto-js": {
      "version": "4.1.1",
      "resolved": "https://registry.npmjs.org/crypto-js/-/crypto-js-4.1.1.tgz",
      "integrity": "sha512-o2JlM7ydqd3Qk9CA0L4NL6mTzU2sdx96a+oOfPu8Mkl/PK51vSyoi8/rQ8NknZtk44vq15lmhAj9CIAGwgeWKw=="
    },
    "debug": {
      "version": "4.1.0",
      "resolved": "https://registry.npmjs.org/debug/-/debug-4.1.0.tgz",
      "integrity": "sha512-heNPJUJIqC+xB6ayLAMHaIrmN9HKa7aQO8MGqKpvCA+uJYVcvR6l5kgdrhRuwPFHU7P5/A1w0BjByPHwpfTDKg==",
      "requires": {
        "ms": "^2.1.1"
      }
    },
    "lora-packet": {
      "version": "0.8.15",
      "resolved": "https://registry.npmjs.org/lora-packet/-/lora-packet-0.8.15.tgz",
      "integrity": "sha512-KIkSmhZRHD1AKAbAHlQ8grCyVUXbmwln2lILcoQKhycDf/sQBcjNOT/h0I5kkOstDwu2pCo9fd5oc9kTi3bUZg==",
      "requires": {
        "aes-cmac": "1.0.3",
        "crypto-js": "4.1.1"
      }
    },
    "ms": {
      "version": "2.1.3",
      "resolved": "https://registry.npmjs.org/ms/-/ms-2.1.3.tgz",
      "integrity": "sha512-6FlzubTLZG3J2a/NVCAleEhjzq5oxgHyaCU9yYXvcLsvoVaHJq/s5xXI6/XXP6tz7R9xAOtHnSO/tXtF3WRTlA=="
    },
    "packet-forwarder": {
      "version": "1.0.8",
      "resolved": "https://registry.npmjs.org/packet-forwarder/-/packet-forwarder-1.0.8.tgz",
      "integrity": "sha512-/MzIGGh76EYtChvQeftztdV9R3NrSyyAd6yXFazTI3511I+KWe+kN7BQYJx9cZ/ZBLJcW/pQ2wpB8w4eUGrxuQ==",
      "requires": {
        "debug": "4.1.0"
      }
    },
    "packet-forwarder-json-builder": {
      "version": "2.0.13",
      "resolved": "https://registry.npmjs.org/packet-forwarder-json-builder/-/packet-forwarder-json-builder-2.0.13.tgz",
      "integrity": "sha512-IppQfnLlCo0S7ArBDF5GDiez3QRVd5Y1AUh50SVcvrpz645hNB6iM8Yaah91TIu7r6MFh+obh9iQAYaJ7qB20A==",
      "requires": {
        "lora-packet": "0.8.14"
      },
      "dependencies": {
        "lora-packet": {
          "version": "0.8.14",
          "resolved": "https://registry.npmjs.org/lora-packet/-/lora-packet-0.8.14.tgz",
          "integrity": "sha512-gmcaeDkoSx7fqi4f5WSenzFfkWD/nNxFTfeZ1GGIqd2/DFkDhjHygm7Dumf86SNspPYGATTYolaIvRwugZbNug==",
          "requires": {
            "aes-cmac": "1.0.3",
            "crypto-js": "4.1.1"
          }
        }
      }
    }
  }
}
